{
  "name": "custom-tabs",
  "version": "0.11.0",
  "lockfileVersion": 1,
  "requires": true,
  "dependencies": {
    "backed": {
      "version": "0.12.1",
      "resolved": "https://registry.npmjs.org/backed/-/backed-0.12.1.tgz",
      "integrity": "sha512-zHVlAs5lCfzNlTMmwl7FxgjDgYKz1HLQTQH6Z2LvOQofwABAOec9hF6OSZr2+ZWfb3akloAHBjWCqO0Uz1qh2A=="
    },
    "custom-select-mixins": {
      "version": "0.11.3",
      "resolved": "https://registry.npmjs.org/custom-select-mixins/-/custom-select-mixins-0.11.3.tgz",
      "integrity": "sha512-xdLWHe8vqeE5gODIDBLpgCKT1h/VCc7wpt4malXEGh7o0fSInhH8yixRoDWMc2zwbZpC143whSGq+d6Y4b8R9g==",
      "requires": {
        "backed": "0.12.1"
      }
    }
  }
}
